{
    "requires": true,
    "lockfileVersion": 1,
    "dependencies": {
        "angular": {
            "version": "1.7.5",
            "resolved": "http://nexus:8081/repository/npm/angular/-/angular-1.7.5.tgz",
            "integrity": "sha512-760183yxtGzni740IBTieNuWLtPNAoMqvmC0Z62UoU0I3nqk+VJuO3JbQAXOyvo3Oy/ZsdNQwrSTh/B0OQZjNw=="
        },
        "angular-animate": {
            "version": "1.7.5",
            "resolved": "http://nexus:8081/repository/npm/angular-animate/-/angular-animate-1.7.5.tgz",
            "integrity": "sha512-kU/fHIGf2a4a3bH7E1tzALTHk+QfoUSCK9fEcMFisd6ZWvNDwPzXWAilItqOC3EDiAXPmGHaNc9/aXiD9xrAxQ=="
        },
        "angular-aria": {
            "version": "1.7.5",
            "resolved": "http://nexus:8081/repository/npm/angular-aria/-/angular-aria-1.7.5.tgz",
            "integrity": "sha512-X2dGRw+PK7hrV7/X1Ns4e5P3KC/OBFi1l7z//D/v7zbZObsAx48qBoX7unsck+s4+mnO+ikNNkHG5N49VfAyRw=="
        },
        "angular-cookies": {
            "version": "1.7.5",
            "resolved": "http://nexus:8081/repository/npm/angular-cookies/-/angular-cookies-1.7.5.tgz",
            "integrity": "sha512-/8xvvSl/Z9Vwu8ChRm+OQE3vmli8Icwl8uTYkHqD7j7cknJP9kNaf7SgsENlsLVtOqLE/I7TCFYrSx3bmSeNQA=="
        },
        "angular-d3": {
            "version": "0.0.1",
            "resolved": "http://nexus:8081/repository/npm/angular-d3/-/angular-d3-0.0.1.tgz",
            "integrity": "sha1-ydSkWPa0p5RxQuSLUOb6neKiA8k="
        },
        "angular-file-upload": {
            "version": "2.5.0",
            "resolved": "http://nexus:8081/repository/npm/angular-file-upload/-/angular-file-upload-2.5.0.tgz",
            "integrity": "sha1-D1PJP7xw7YuoNAqaKJumS2gOIWc="
        },
        "angular-filter": {
            "version": "0.5.17",
            "resolved": "http://nexus:8081/repository/npm/angular-filter/-/angular-filter-0.5.17.tgz",
            "integrity": "sha1-YMDHOA/UWHLLjxCAHP4H4VQGKTU=",
            "requires": {
                "angular": "1.7.5"
            }
        },
        "angular-local-storage": {
            "version": "0.7.1",
            "resolved": "http://nexus:8081/repository/npm/angular-local-storage/-/angular-local-storage-0.7.1.tgz",
            "integrity": "sha1-+9JzB2PCn6mvVyXgGGx4BiHozdI="
        },
        "angular-material": {
            "version": "1.1.10",
            "resolved": "http://nexus:8081/repository/npm/angular-material/-/angular-material-1.1.10.tgz",
            "integrity": "sha512-LfBt5a1AVPbtsFzbmAyyZj90Gtc1U94OGtfMEauGzwsfqTnbH/y/9dtndH84N9S65wXkBoBe3VG6kfyoQSeCVw=="
        },
        "angular-material-icons": {
            "version": "0.6.0",
            "resolved": "http://nexus:8081/repository/npm/angular-material-icons/-/angular-material-icons-0.6.0.tgz",
            "integrity": "sha1-bvKOrR7LeZk5N6xLW0iq7pB+G2M=",
            "requires": {
                "angular": "1.7.5"
            }
        },
        "angular-message-format": {
            "version": "1.7.5",
            "resolved": "http://nexus:8081/repository/npm/angular-message-format/-/angular-message-format-1.7.5.tgz",
            "integrity": "sha512-1zakCxG1oMkOWa87J/nRp91YoLQqhKHmhgB+2HY5iQ7oUdcP0+D3BpuB5NQo0fNmIMkS3BVPs1vyBbcpnxsI4A=="
        },
        "angular-messages": {
            "version": "1.7.5",
            "resolved": "http://nexus:8081/repository/npm/angular-messages/-/angular-messages-1.7.5.tgz",
            "integrity": "sha512-YDpJpFLyrIgZjE/sIAjgww1y6r3QqXBJbNDI0QjftD37vHXLkwvAOo3A4bxPw8BikyGLcJrFrgf6hRAzntJIWA=="
        },
        "angular-mocks": {
            "version": "1.7.5",
            "resolved": "http://nexus:8081/repository/npm/angular-mocks/-/angular-mocks-1.7.5.tgz",
            "integrity": "sha512-I+Ue2Bkx6R9W5178DYrNvzjIdGh4wKKoCWsgz8dc7ysH4mA70Q3M9v5xRF0RUu7r+2CZj+nDeUecvh2paxcYvg=="
        },
        "angular-moment": {
            "version": "1.3.0",
            "resolved": "http://nexus:8081/repository/npm/angular-moment/-/angular-moment-1.3.0.tgz",
            "integrity": "sha512-KG8rvO9MoaBLwtGnxTeUveSyNtrL+RNgGl1zqWN36+HDCCVGk2DGWOzqKWB6o+eTTbO3Opn4hupWKIElc8XETA==",
            "requires": {
                "moment": "2.22.2"
            }
        },
        "angular-parse-ext": {
            "version": "1.7.5",
            "resolved": "http://nexus:8081/repository/npm/angular-parse-ext/-/angular-parse-ext-1.7.5.tgz",
            "integrity": "sha512-yJ2ZgoibYJrxClOAuTia3h0w3gH7BkZxRvKLB+mXijsRd9x++9CtaS0rDmT6xbn1nTxuAOIIj+4M6jQwbKvD4g=="
        },
        "angular-resource": {
            "version": "1.7.5",
            "resolved": "http://nexus:8081/repository/npm/angular-resource/-/angular-resource-1.7.5.tgz",
            "integrity": "sha512-zlCKVNa2nnZNb4Lz3YFPKhsYG+v+t4STEsjkWRbii6PfwSrtH9R/zGpCOkBNFnq3naeZMMmd5aIIgHi5a7k9jA=="
        },
        "angular-route": {
            "version": "1.7.5",
            "resolved": "http://nexus:8081/repository/npm/angular-route/-/angular-route-1.7.5.tgz",
            "integrity": "sha512-7KfyEVVOWTI+jTY/j5rUNCIHGRyeCOx7YqZI/Ci3IbDK7GIsy6xH+hS5ai0Xi0sLjzDZ0PUDO4gBn+K0dVtlOg=="
        },
        "angular-sanitize": {
            "version": "1.7.5",
            "resolved": "http://nexus:8081/repository/npm/angular-sanitize/-/angular-sanitize-1.7.5.tgz",
            "integrity": "sha512-wjKCJOIwrkEvfD0keTnKGi6We13gtoCAQIHcdoqyoo3gwvcgNfYymVQIS3+iCGVcjfWz0jHuS3KgB4ysRWsTTA=="
        },
        "angular-scenario": {
            "version": "1.7.5",
            "resolved": "http://nexus:8081/repository/npm/angular-scenario/-/angular-scenario-1.7.5.tgz",
            "integrity": "sha512-/H1GltBRnJkRskHxk28G/BPCVvawdRp94CNTOoet0oOHD3ErTYj0T4BTwhshhTTSQwJ4C23PIk0+38HkS5ocFQ=="
        },
        "angular-touch": {
            "version": "1.7.5",
            "resolved": "http://nexus:8081/repository/npm/angular-touch/-/angular-touch-1.7.5.tgz",
            "integrity": "sha512-XNAZNG0RA1mtdwBJheViCF1H/7wOygp4MLIfs5y1K+rne6AeaYKZcV6EJs9fvgfLKLO6ecm1+3J8hoCkdhhxQw=="
        },
        "angular-websocket": {
            "version": "2.0.1",
            "resolved": "http://nexus:8081/repository/npm/angular-websocket/-/angular-websocket-2.0.1.tgz",
            "integrity": "sha1-D7TWDtkBi+WD0DHuxOVrRXy43O4=",
            "requires": {
                "angular": "1.7.5",
                "ws": "1.1.5"
            },
            "dependencies": {
                "ws": {
                    "version": "1.1.5",
                    "resolved": "http://nexus:8081/repository/npm/ws/-/ws-1.1.5.tgz",
                    "integrity": "sha512-o3KqipXNUdS7wpQzBHSe180lBGO60SoK0yVo3CYJgb2MkobuWuBX6dhkYP5ORCLd55y+SaflMOV5fqAB53ux4w==",
                    "requires": {
                        "options": "0.0.6",
                        "ultron": "1.0.2"
                    }
                }
            }
        },
        "c3": {
            "version": "0.6.8",
            "resolved": "http://nexus:8081/repository/npm/c3/-/c3-0.6.8.tgz",
            "integrity": "sha512-HI1cAalsnwy9FJk8cywJ9jD0eIo8lb+9Ms2btz0bHVDU4UuGRPQcTcso2tCVg+Zdh6fa5vGkHcq/rVcSPo8a9w==",
            "requires": {
                "d3": "5.7.0"
            }
        },
        "cal-heatmap": {
            "version": "3.6.2",
            "resolved": "http://nexus:8081/repository/npm/cal-heatmap/-/cal-heatmap-3.6.2.tgz",
            "integrity": "sha1-lhp/Roazvc9xBNlRtv8d1YwMYtE=",
            "requires": {
                "d3": "3.5.17"
            },
            "dependencies": {
                "d3": {
                    "version": "3.5.17",
                    "resolved": "http://nexus:8081/repository/npm/d3/-/d3-3.5.17.tgz",
                    "integrity": "sha1-vEZ0gAQ3iyGjYMn8fPUjF5B2L7g="
                }
            }
        },
        "commander": {
            "version": "2.17.1",
            "resolved": "http://nexus:8081/repository/npm/commander/-/commander-2.17.1.tgz",
            "integrity": "sha512-wPMUt6FnH2yzG95SA6mzjQOEKUU3aLaDEmzs1ti+1E9h+CsrZghRlqEM/EJ4KscsQVG8uNN4uVreUeT8+drlgg=="
        },
        "d3": {
            "version": "5.7.0",
            "resolved": "http://nexus:8081/repository/npm/d3/-/d3-5.7.0.tgz",
            "integrity": "sha512-8KEIfx+dFm8PlbJN9PI0suazrZ41QcaAufsKE9PRcqYPWLngHIyWJZX96n6IQKePGgeSu0l7rtlueSSNq8Zc3g==",
            "requires": {
                "d3-array": "1.2.4",
                "d3-axis": "1.0.12",
                "d3-brush": "1.0.6",
                "d3-chord": "1.0.6",
                "d3-collection": "1.0.7",
                "d3-color": "1.2.3",
                "d3-contour": "1.3.2",
                "d3-dispatch": "1.0.5",
                "d3-drag": "1.2.3",
                "d3-dsv": "1.0.10",
                "d3-ease": "1.0.5",
                "d3-fetch": "1.1.2",
                "d3-force": "1.1.2",
                "d3-format": "1.3.2",
                "d3-geo": "1.11.1",
                "d3-hierarchy": "1.1.8",
                "d3-interpolate": "1.3.2",
                "d3-path": "1.0.7",
                "d3-polygon": "1.0.5",
                "d3-quadtree": "1.0.5",
                "d3-random": "1.1.2",
                "d3-scale": "2.1.2",
                "d3-scale-chromatic": "1.3.3",
                "d3-selection": "1.3.2",
                "d3-shape": "1.2.2",
                "d3-time": "1.0.10",
                "d3-time-format": "2.1.3",
                "d3-timer": "1.0.9",
                "d3-transition": "1.1.3",
                "d3-voronoi": "1.1.4",
                "d3-zoom": "1.7.3"
            }
        },
        "d3-array": {
            "version": "1.2.4",
            "resolved": "http://nexus:8081/repository/npm/d3-array/-/d3-array-1.2.4.tgz",
            "integrity": "sha512-KHW6M86R+FUPYGb3R5XiYjXPq7VzwxZ22buHhAEVG5ztoEcZZMLov530mmccaqA1GghZArjQV46fuc8kUqhhHw=="
        },
        "d3-axis": {
            "version": "1.0.12",
            "resolved": "http://nexus:8081/repository/npm/d3-axis/-/d3-axis-1.0.12.tgz",
            "integrity": "sha512-ejINPfPSNdGFKEOAtnBtdkpr24c4d4jsei6Lg98mxf424ivoDP2956/5HDpIAtmHo85lqT4pruy+zEgvRUBqaQ=="
        },
        "d3-brush": {
            "version": "1.0.6",
            "resolved": "http://nexus:8081/repository/npm/d3-brush/-/d3-brush-1.0.6.tgz",
            "integrity": "sha512-lGSiF5SoSqO5/mYGD5FAeGKKS62JdA1EV7HPrU2b5rTX4qEJJtpjaGLJngjnkewQy7UnGstnFd3168wpf5z76w==",
            "requires": {
                "d3-dispatch": "1.0.5",
                "d3-drag": "1.2.3",
                "d3-interpolate": "1.3.2",
                "d3-selection": "1.3.2",
                "d3-transition": "1.1.3"
            }
        },
        "d3-chord": {
            "version": "1.0.6",
            "resolved": "http://nexus:8081/repository/npm/d3-chord/-/d3-chord-1.0.6.tgz",
            "integrity": "sha512-JXA2Dro1Fxw9rJe33Uv+Ckr5IrAa74TlfDEhE/jfLOaXegMQFQTAgAw9WnZL8+HxVBRXaRGCkrNU7pJeylRIuA==",
            "requires": {
                "d3-array": "1.2.4",
                "d3-path": "1.0.7"
            }
        },
        "d3-collection": {
            "version": "1.0.7",
            "resolved": "http://nexus:8081/repository/npm/d3-collection/-/d3-collection-1.0.7.tgz",
            "integrity": "sha512-ii0/r5f4sjKNTfh84Di+DpztYwqKhEyUlKoPrzUFfeSkWxjW49xU2QzO9qrPrNkpdI0XJkfzvmTu8V2Zylln6A=="
        },
        "d3-color": {
            "version": "1.2.3",
            "resolved": "http://nexus:8081/repository/npm/d3-color/-/d3-color-1.2.3.tgz",
            "integrity": "sha512-x37qq3ChOTLd26hnps36lexMRhNXEtVxZ4B25rL0DVdDsGQIJGB18S7y9XDwlDD6MD/ZBzITCf4JjGMM10TZkw=="
        },
        "d3-contour": {
            "version": "1.3.2",
            "resolved": "http://nexus:8081/repository/npm/d3-contour/-/d3-contour-1.3.2.tgz",
            "integrity": "sha512-hoPp4K/rJCu0ladiH6zmJUEz6+u3lgR+GSm/QdM2BBvDraU39Vr7YdDCicJcxP1z8i9B/2dJLgDC1NcvlF8WCg==",
            "requires": {
                "d3-array": "1.2.4"
            }
        },
        "d3-dispatch": {
            "version": "1.0.5",
            "resolved": "http://nexus:8081/repository/npm/d3-dispatch/-/d3-dispatch-1.0.5.tgz",
            "integrity": "sha512-vwKx+lAqB1UuCeklr6Jh1bvC4SZgbSqbkGBLClItFBIYH4vqDJCA7qfoy14lXmJdnBOdxndAMxjCbImJYW7e6g=="
        },
        "d3-drag": {
            "version": "1.2.3",
            "resolved": "http://nexus:8081/repository/npm/d3-drag/-/d3-drag-1.2.3.tgz",
            "integrity": "sha512-8S3HWCAg+ilzjJsNtWW1Mutl74Nmzhb9yU6igspilaJzeZVFktmY6oO9xOh5TDk+BM2KrNFjttZNoJJmDnkjkg==",
            "requires": {
                "d3-dispatch": "1.0.5",
                "d3-selection": "1.3.2"
            }
        },
        "d3-dsv": {
            "version": "1.0.10",
            "resolved": "http://nexus:8081/repository/npm/d3-dsv/-/d3-dsv-1.0.10.tgz",
            "integrity": "sha512-vqklfpxmtO2ZER3fq/B33R/BIz3A1PV0FaZRuFM8w6jLo7sUX1BZDh73fPlr0s327rzq4H6EN1q9U+eCBCSN8g==",
            "requires": {
                "commander": "2.17.1",
                "iconv-lite": "0.4.24",
                "rw": "1.3.3"
            }
        },
        "d3-ease": {
            "version": "1.0.5",
            "resolved": "http://nexus:8081/repository/npm/d3-ease/-/d3-ease-1.0.5.tgz",
            "integrity": "sha512-Ct1O//ly5y5lFM9YTdu+ygq7LleSgSE4oj7vUt9tPLHUi8VCV7QoizGpdWRWAwCO9LdYzIrQDg97+hGVdsSGPQ=="
        },
        "d3-fetch": {
            "version": "1.1.2",
            "resolved": "http://nexus:8081/repository/npm/d3-fetch/-/d3-fetch-1.1.2.tgz",
            "integrity": "sha512-S2loaQCV/ZeyTyIF2oP8D1K9Z4QizUzW7cWeAOAS4U88qOt3Ucf6GsmgthuYSdyB2HyEm4CeGvkQxWsmInsIVA==",
            "requires": {
                "d3-dsv": "1.0.10"
            }
        },
        "d3-force": {
            "version": "1.1.2",
            "resolved": "http://nexus:8081/repository/npm/d3-force/-/d3-force-1.1.2.tgz",
            "integrity": "sha512-p1vcHAUF1qH7yR+e8ip7Bs61AHjLeKkIn8Z2gzwU2lwEf2wkSpWdjXG0axudTHsVFnYGlMkFaEsVy2l8tAg1Gw==",
            "requires": {
                "d3-collection": "1.0.7",
                "d3-dispatch": "1.0.5",
                "d3-quadtree": "1.0.5",
                "d3-timer": "1.0.9"
            }
        },
        "d3-format": {
            "version": "1.3.2",
            "resolved": "http://nexus:8081/repository/npm/d3-format/-/d3-format-1.3.2.tgz",
            "integrity": "sha512-Z18Dprj96ExragQ0DeGi+SYPQ7pPfRMtUXtsg/ChVIKNBCzjO8XYJvRTC1usblx52lqge56V5ect+frYTQc8WQ=="
        },
        "d3-geo": {
            "version": "1.11.1",
            "resolved": "http://nexus:8081/repository/npm/d3-geo/-/d3-geo-1.11.1.tgz",
            "integrity": "sha512-GsG7x9G9sykseLviOVSJ3h5yjw0ItLopOtuDQKUt1TRklEegCw5WAmnIpYYiCkSH/QgUMleAeE2xZK38Qb+1+Q==",
            "requires": {
                "d3-array": "1.2.4"
            }
        },
        "d3-hierarchy": {
            "version": "1.1.8",
            "resolved": "http://nexus:8081/repository/npm/d3-hierarchy/-/d3-hierarchy-1.1.8.tgz",
            "integrity": "sha512-L+GHMSZNwTpiq4rt9GEsNcpLa4M96lXMR8M/nMG9p5hBE0jy6C+3hWtyZMenPQdwla249iJy7Nx0uKt3n+u9+w=="
        },
        "d3-interpolate": {
            "version": "1.3.2",
            "resolved": "http://nexus:8081/repository/npm/d3-interpolate/-/d3-interpolate-1.3.2.tgz",
            "integrity": "sha512-NlNKGopqaz9qM1PXh9gBF1KSCVh+jSFErrSlD/4hybwoNX/gt1d8CDbDW+3i+5UOHhjC6s6nMvRxcuoMVNgL2w==",
            "requires": {
                "d3-color": "1.2.3"
            }
        },
        "d3-path": {
            "version": "1.0.7",
            "resolved": "http://nexus:8081/repository/npm/d3-path/-/d3-path-1.0.7.tgz",
            "integrity": "sha512-q0cW1RpvA5c5ma2rch62mX8AYaiLX0+bdaSM2wxSU9tXjU4DNvkx9qiUvjkuWCj3p22UO/hlPivujqMiR9PDzA=="
        },
        "d3-polygon": {
            "version": "1.0.5",
            "resolved": "http://nexus:8081/repository/npm/d3-polygon/-/d3-polygon-1.0.5.tgz",
            "integrity": "sha512-RHhh1ZUJZfhgoqzWWuRhzQJvO7LavchhitSTHGu9oj6uuLFzYZVeBzaWTQ2qSO6bz2w55RMoOCf0MsLCDB6e0w=="
        },
        "d3-quadtree": {
            "version": "1.0.5",
            "resolved": "http://nexus:8081/repository/npm/d3-quadtree/-/d3-quadtree-1.0.5.tgz",
            "integrity": "sha512-U2tjwDFbZ75JRAg8A+cqMvqPg1G3BE7UTJn3h8DHjY/pnsAfWdbJKgyfcy7zKjqGtLAmI0q8aDSeG1TVIKRaHQ=="
        },
        "d3-random": {
            "version": "1.1.2",
            "resolved": "http://nexus:8081/repository/npm/d3-random/-/d3-random-1.1.2.tgz",
            "integrity": "sha512-6AK5BNpIFqP+cx/sreKzNjWbwZQCSUatxq+pPRmFIQaWuoD+NrbVWw7YWpHiXpCQ/NanKdtGDuB+VQcZDaEmYQ=="
        },
        "d3-scale": {
            "version": "2.1.2",
            "resolved": "http://nexus:8081/repository/npm/d3-scale/-/d3-scale-2.1.2.tgz",
            "integrity": "sha512-bESpd64ylaKzCDzvULcmHKZTlzA/6DGSVwx7QSDj/EnX9cpSevsdiwdHFYI9ouo9tNBbV3v5xztHS2uFeOzh8Q==",
            "requires": {
                "d3-array": "1.2.4",
                "d3-collection": "1.0.7",
                "d3-format": "1.3.2",
                "d3-interpolate": "1.3.2",
                "d3-time": "1.0.10",
                "d3-time-format": "2.1.3"
            }
        },
        "d3-scale-chromatic": {
            "version": "1.3.3",
            "resolved": "http://nexus:8081/repository/npm/d3-scale-chromatic/-/d3-scale-chromatic-1.3.3.tgz",
            "integrity": "sha512-BWTipif1CimXcYfT02LKjAyItX5gKiwxuPRgr4xM58JwlLocWbjPLI7aMEjkcoOQXMkYsmNsvv3d2yl/OKuHHw==",
            "requires": {
                "d3-color": "1.2.3",
                "d3-interpolate": "1.3.2"
            }
        },
        "d3-selection": {
            "version": "1.3.2",
            "resolved": "http://nexus:8081/repository/npm/d3-selection/-/d3-selection-1.3.2.tgz",
            "integrity": "sha512-OoXdv1nZ7h2aKMVg3kaUFbLLK5jXUFAMLD/Tu5JA96mjf8f2a9ZUESGY+C36t8R1WFeWk/e55hy54Ml2I62CRQ=="
        },
        "d3-shape": {
            "version": "1.2.2",
            "resolved": "http://nexus:8081/repository/npm/d3-shape/-/d3-shape-1.2.2.tgz",
            "integrity": "sha512-hUGEozlKecFZ2bOSNt7ENex+4Tk9uc/m0TtTEHBvitCBxUNjhzm5hS2GrrVRD/ae4IylSmxGeqX5tWC2rASMlQ==",
            "requires": {
                "d3-path": "1.0.7"
            }
        },
        "d3-time": {
            "version": "1.0.10",
            "resolved": "http://nexus:8081/repository/npm/d3-time/-/d3-time-1.0.10.tgz",
            "integrity": "sha512-hF+NTLCaJHF/JqHN5hE8HVGAXPStEq6/omumPE/SxyHVrR7/qQxusFDo0t0c/44+sCGHthC7yNGFZIEgju0P8g=="
        },
        "d3-time-format": {
            "version": "2.1.3",
            "resolved": "http://nexus:8081/repository/npm/d3-time-format/-/d3-time-format-2.1.3.tgz",
            "integrity": "sha512-6k0a2rZryzGm5Ihx+aFMuO1GgelgIz+7HhB4PH4OEndD5q2zGn1mDfRdNrulspOfR6JXkb2sThhDK41CSK85QA==",
            "requires": {
                "d3-time": "1.0.10"
            }
        },
        "d3-timer": {
            "version": "1.0.9",
            "resolved": "http://nexus:8081/repository/npm/d3-timer/-/d3-timer-1.0.9.tgz",
            "integrity": "sha512-rT34J5HnQUHhcLvhSB9GjCkN0Ddd5Y8nCwDBG2u6wQEeYxT/Lf51fTFFkldeib/sE/J0clIe0pnCfs6g/lRbyg=="
        },
        "d3-transition": {
            "version": "1.1.3",
            "resolved": "http://nexus:8081/repository/npm/d3-transition/-/d3-transition-1.1.3.tgz",
            "integrity": "sha512-tEvo3qOXL6pZ1EzcXxFcPNxC/Ygivu5NoBY6mbzidATAeML86da+JfVIUzon3dNM6UX6zjDx+xbYDmMVtTSjuA==",
            "requires": {
                "d3-color": "1.2.3",
                "d3-dispatch": "1.0.5",
                "d3-ease": "1.0.5",
                "d3-interpolate": "1.3.2",
                "d3-selection": "1.3.2",
                "d3-timer": "1.0.9"
            }
        },
        "d3-voronoi": {
            "version": "1.1.4",
            "resolved": "http://nexus:8081/repository/npm/d3-voronoi/-/d3-voronoi-1.1.4.tgz",
            "integrity": "sha512-dArJ32hchFsrQ8uMiTBLq256MpnZjeuBtdHpaDlYuQyjU0CVzCJl/BVW+SkszaAeH95D/8gxqAhgx0ouAWAfRg=="
        },
        "d3-zoom": {
            "version": "1.7.3",
            "resolved": "http://nexus:8081/repository/npm/d3-zoom/-/d3-zoom-1.7.3.tgz",
            "integrity": "sha512-xEBSwFx5Z9T3/VrwDkMt+mr0HCzv7XjpGURJ8lWmIC8wxe32L39eWHIasEe/e7Ox8MPU4p1hvH8PKN2olLzIBg==",
            "requires": {
                "d3-dispatch": "1.0.5",
                "d3-drag": "1.2.3",
                "d3-interpolate": "1.3.2",
                "d3-selection": "1.3.2",
                "d3-transition": "1.1.3"
            }
        },
        "iconv-lite": {
            "version": "0.4.24",
            "resolved": "http://nexus:8081/repository/npm/iconv-lite/-/iconv-lite-0.4.24.tgz",
            "integrity": "sha512-v3MXnZAcvnywkTUEZomIActle7RXXeedOR31wwl7VlyoXO4Qi9arvSenNQWne1TcRwhCL1HwLI21bEqdpj8/rA==",
            "requires": {
                "safer-buffer": "2.1.2"
            }
        },
        "ieee754": {
            "version": "1.1.12",
            "resolved": "http://nexus:8081/repository/npm/ieee754/-/ieee754-1.1.12.tgz",
            "integrity": "sha512-GguP+DRY+pJ3soyIiGPTvdiVXjZ+DbXOxGpXn3eMvNW4x4irjqXm4wHKscC+TfxSJ0yw/S1F24tqdMNsMZTiLA=="
        },
        "jquery": {
            "version": "2.1.4",
            "resolved": "http://nexus:8081/repository/npm/jquery/-/jquery-2.1.4.tgz",
            "integrity": "sha1-IoveaYoMYUMdwmMKahVPFYkNIxc="
        },
        "material-steppers": {
            "version": "2.0.0",
            "resolved": "http://nexus:8081/repository/npm/material-steppers/-/material-steppers-2.0.0.tgz",
            "integrity": "sha1-piSnf6jaVUWjuNTNNwb3c7jaLkk="
        },
        "md": {
            "version": "0.6.0",
            "resolved": "http://nexus:8081/repository/npm/md/-/md-0.6.0.tgz",
            "integrity": "sha1-WkLOv8UO8J+H9pTdz/Hj38CrbKY=",
            "requires": {
                "slugo": "0.2.3"
            }
        },
        "md-data-table": {
            "version": "2.2.0",
            "resolved": "http://nexus:8081/repository/npm/md-data-table/-/md-data-table-2.2.0.tgz",
            "integrity": "sha1-9CVSnhAJS9uUv6VqMxqblKLlEvE=",
            "requires": {
                "angular": "1.5.11",
                "angular-animate": "1.5.11",
                "angular-aria": "1.5.11",
                "angular-material": "1.1.1",
                "angular-material-icons": "0.6.0",
                "angular-sanitize": "1.5.11",
                "jquery": "2.1.4",
                "lodash": "3.10.1"
            },
            "dependencies": {
                "angular": {
                    "version": "1.5.11",
                    "resolved": "http://nexus:8081/repository/npm/angular/-/angular-1.5.11.tgz",
                    "integrity": "sha1-jFunOG8VllyazzQp9ogVU6raMNY="
                },
                "angular-animate": {
                    "version": "1.5.11",
                    "resolved": "http://nexus:8081/repository/npm/angular-animate/-/angular-animate-1.5.11.tgz",
                    "integrity": "sha1-G6pDwwPRuTxOaqiUU7ORFLehxmk="
                },
                "angular-aria": {
                    "version": "1.5.11",
                    "resolved": "http://nexus:8081/repository/npm/angular-aria/-/angular-aria-1.5.11.tgz",
                    "integrity": "sha1-JpY6wzaJHO17GZ5Zr9fpsl5T1qY="
                },
                "angular-material": {
                    "version": "1.1.1",
                    "resolved": "http://nexus:8081/repository/npm/angular-material/-/angular-material-1.1.1.tgz",
                    "integrity": "sha1-7RLzlLpxqRidZkEVYk9nh6dDmvI="
                },
                "angular-sanitize": {
                    "version": "1.5.11",
                    "resolved": "http://nexus:8081/repository/npm/angular-sanitize/-/angular-sanitize-1.5.11.tgz",
                    "integrity": "sha1-6/s/ND5UP5su8FD7TC6e4EjRdy8="
                },
                "lodash": {
                    "version": "3.10.1",
                    "resolved": "http://nexus:8081/repository/npm/lodash/-/lodash-3.10.1.tgz",
                    "integrity": "sha1-W/Rejkm6QYnhfUgnid/RW9FAt7Y="
                }
            }
        },
        "moment": {
            "version": "2.22.2",
            "resolved": "http://nexus:8081/repository/npm/moment/-/moment-2.22.2.tgz",
            "integrity": "sha1-PCV/mDn8DpP/UxSWMiOeuQeD/2Y="
        },
        "moment-duration-format": {
            "version": "2.2.2",
            "resolved": "http://nexus:8081/repository/npm/moment-duration-format/-/moment-duration-format-2.2.2.tgz",
            "integrity": "sha1-uVdhLeJgFsmtnrYIfAVFc+USd3k="
        },
        "numeral": {
            "version": "2.0.6",
            "resolved": "http://nexus:8081/repository/npm/numeral/-/numeral-2.0.6.tgz",
            "integrity": "sha1-StCAk21EPCVhrtnyGX7//iX05QY="
        },
        "ol": {
            "version": "5.2.0",
            "resolved": "http://nexus:8081/repository/npm/ol/-/ol-5.2.0.tgz",
            "integrity": "sha512-/sXlXKMT7W/4txYmEJiqZousQ5GScDoqVrltyQDl0himUD1oEV460bH74eD49AMm0OmQL9+TIn6DXKqOYzjTLw==",
            "requires": {
                "pbf": "3.1.0",
                "pixelworks": "1.1.0",
                "rbush": "2.0.2"
            }
        },
        "options": {
            "version": "0.0.6",
            "resolved": "http://nexus:8081/repository/npm/options/-/options-0.0.6.tgz",
            "integrity": "sha1-7CLTEoBrtT5zF3Pnza788cZDEo8="
        },
        "pbf": {
            "version": "3.1.0",
            "resolved": "http://nexus:8081/repository/npm/pbf/-/pbf-3.1.0.tgz",
            "integrity": "sha512-/hYJmIsTmh7fMkHAWWXJ5b8IKLWdjdlAFb3IHkRBn1XUhIYBChVGfVwmHEAV3UfXTxsP/AKfYTXTS/dCPxJd5w==",
            "requires": {
                "ieee754": "1.1.12",
                "resolve-protobuf-schema": "2.1.0"
            }
        },
        "pixelworks": {
            "version": "1.1.0",
            "resolved": "http://nexus:8081/repository/npm/pixelworks/-/pixelworks-1.1.0.tgz",
            "integrity": "sha1-Hwla1I3Ki/ihyCWOAJIDGkTyLKU="
        },
        "protocol-buffers-schema": {
            "version": "3.3.2",
            "resolved": "http://nexus:8081/repository/npm/protocol-buffers-schema/-/protocol-buffers-schema-3.3.2.tgz",
            "integrity": "sha512-Xdayp8sB/mU+sUV4G7ws8xtYMGdQnxbeIfLjyO9TZZRJdztBGhlmbI5x1qcY4TG5hBkIKGnc28i7nXxaugu88w=="
        },
        "quickselect": {
            "version": "1.1.1",
            "resolved": "http://nexus:8081/repository/npm/quickselect/-/quickselect-1.1.1.tgz",
            "integrity": "sha512-qN0Gqdw4c4KGPsBOQafj6yj/PA6c/L63f6CaZ/DCF/xF4Esu3jVmKLUDYxghFx8Kb/O7y9tI7x2RjTSXwdK1iQ=="
        },
        "rbush": {
            "version": "2.0.2",
            "resolved": "http://nexus:8081/repository/npm/rbush/-/rbush-2.0.2.tgz",
            "integrity": "sha512-XBOuALcTm+O/H8G90b6pzu6nX6v2zCKiFG4BJho8a+bY6AER6t8uQUZdi5bomQc0AprCWhEGa7ncAbbRap0bRA==",
            "requires": {
                "quickselect": "1.1.1"
            }
        },
        "resolve-protobuf-schema": {
            "version": "2.1.0",
            "resolved": "http://nexus:8081/repository/npm/resolve-protobuf-schema/-/resolve-protobuf-schema-2.1.0.tgz",
            "integrity": "sha512-kI5ffTiZWmJaS/huM8wZfEMer1eRd7oJQhDuxeCLe3t7N7mX3z94CN0xPxBQxFYQTSNz9T0i+v6inKqSdK8xrQ==",
            "requires": {
                "protocol-buffers-schema": "3.3.2"
            }
        },
        "rw": {
            "version": "1.3.3",
            "resolved": "http://nexus:8081/repository/npm/rw/-/rw-1.3.3.tgz",
            "integrity": "sha1-P4Yt+pGrdmsUiF700BEkv9oHT7Q="
        },
        "safer-buffer": {
            "version": "2.1.2",
            "resolved": "http://nexus:8081/repository/npm/safer-buffer/-/safer-buffer-2.1.2.tgz",
            "integrity": "sha512-YZo3K82SD7Riyi0E1EQPojLz7kpepnSQI9IyPbHHg1XXXevb5dJI7tpyN2ADxGcQbHG7vcyRHk0cbwqcQriUtg=="
        },
        "slugo": {
            "version": "0.2.3",
            "resolved": "http://nexus:8081/repository/npm/slugo/-/slugo-0.2.3.tgz",
            "integrity": "sha512-4nav6mk321IWKaWxgvygjp2JB0d5sNGgkPUJ+EGQZmmcvuXS+4DwdhhPa9L8WBg6fVQDID3PO+t6wYM1NqVbkA=="
        },
        "ultron": {
            "version": "1.0.2",
            "resolved": "http://nexus:8081/repository/npm/ultron/-/ultron-1.0.2.tgz",
            "integrity": "sha1-rOEWq1V80Zc4ak6I9GhTeMiy5Po="
        }
    }
}
